// !$*UTF8*$!
{
	archiveVersion = 1;
	classes = {
	};
	objectVersion = 50;
	objects = {

/* Begin PBXBuildFile section */
		BF1C8A9B259244B600927C2D /* CapitalDetailsCoordinator.swift in Sources */ = {isa = PBXBuildFile; fileRef = BF1C8A9A259244B600927C2D /* CapitalDetailsCoordinator.swift */; };
		BF1C8AA12592462500927C2D /* ErrorRetryView.swift in Sources */ = {isa = PBXBuildFile; fileRef = BF1C8AA02592462500927C2D /* ErrorRetryView.swift */; };
		BF1C8AA925924A0100927C2D /* CapitalDetailsViewData.swift in Sources */ = {isa = PBXBuildFile; fileRef = BF1C8AA825924A0100927C2D /* CapitalDetailsViewData.swift */; };
		BF1C8AB725924B7400927C2D /* Localizable.strings in Resources */ = {isa = PBXBuildFile; fileRef = BF1C8AB525924B7400927C2D /* Localizable.strings */; };
		BF1C8ABC25924BE300927C2D /* CapitalDetailsView.swift in Sources */ = {isa = PBXBuildFile; fileRef = BF1C8ABB25924BE300927C2D /* CapitalDetailsView.swift */; };
		BF1C8AC925924C3D00927C2D /* CapitalDetailsDetailsView.swift in Sources */ = {isa = PBXBuildFile; fileRef = BF1C8AC825924C3D00927C2D /* CapitalDetailsDetailsView.swift */; };
		BF892453259359D6003228DA /* FilteredCapitalListRepository.swift in Sources */ = {isa = PBXBuildFile; fileRef = BF892451259359D6003228DA /* FilteredCapitalListRepository.swift */; };
		BF892454259359D6003228DA /* FavouriteCapitalsRepository.swift in Sources */ = {isa = PBXBuildFile; fileRef = BF892452259359D6003228DA /* FavouriteCapitalsRepository.swift */; };
		BF89245925935E40003228DA /* FilteredCapitalListRepositoryTests.swift in Sources */ = {isa = PBXBuildFile; fileRef = BF89245825935E40003228DA /* FilteredCapitalListRepositoryTests.swift */; };
		BF89246125935E6A003228DA /* FavouriteCapitalsRepositoryStub.swift in Sources */ = {isa = PBXBuildFile; fileRef = BF89246025935E6A003228DA /* FavouriteCapitalsRepositoryStub.swift */; };
		BF89246625936138003228DA /* FilteredCapitalListRepositoryStub.swift in Sources */ = {isa = PBXBuildFile; fileRef = BF89246525936138003228DA /* FilteredCapitalListRepositoryStub.swift */; };
		BFAD6D8925936D87006D42A7 /* CapitalListCoordinatorTests.swift in Sources */ = {isa = PBXBuildFile; fileRef = BFAD6D8825936D87006D42A7 /* CapitalListCoordinatorTests.swift */; };
		BFBE377F2590FF96004C9FB3 /* AppDelegate.swift in Sources */ = {isa = PBXBuildFile; fileRef = BFBE377E2590FF96004C9FB3 /* AppDelegate.swift */; };
		BFBE37852590FF97004C9FB3 /* Assets.xcassets in Resources */ = {isa = PBXBuildFile; fileRef = BFBE37842590FF97004C9FB3 /* Assets.xcassets */; };
		BFBE378B2590FF97004C9FB3 /* LaunchScreen.storyboard in Resources */ = {isa = PBXBuildFile; fileRef = BFBE37892590FF97004C9FB3 /* LaunchScreen.storyboard */; };
		BFBE37A12590FF97004C9FB3 /* EuropeCapitalsUITests.swift in Sources */ = {isa = PBXBuildFile; fileRef = BFBE37A02590FF97004C9FB3 /* EuropeCapitalsUITests.swift */; };
		BFC0D027259225840001A9E1 /* CapitalListEvent.swift in Sources */ = {isa = PBXBuildFile; fileRef = BFC0D01F259225840001A9E1 /* CapitalListEvent.swift */; };
		BFC0D028259225840001A9E1 /* CapitalListViewModel.swift in Sources */ = {isa = PBXBuildFile; fileRef = BFC0D020259225840001A9E1 /* CapitalListViewModel.swift */; };
		BFC0D029259225840001A9E1 /* CapitalListCellView.swift in Sources */ = {isa = PBXBuildFile; fileRef = BFC0D021259225840001A9E1 /* CapitalListCellView.swift */; };
		BFC0D02A259225840001A9E1 /* CapitalListCellViewData.swift in Sources */ = {isa = PBXBuildFile; fileRef = BFC0D022259225840001A9E1 /* CapitalListCellViewData.swift */; };
		BFC0D02B259225840001A9E1 /* CapitalListAssembly.swift in Sources */ = {isa = PBXBuildFile; fileRef = BFC0D023259225840001A9E1 /* CapitalListAssembly.swift */; };
		BFC0D02C259225840001A9E1 /* CapitalListViewController.swift in Sources */ = {isa = PBXBuildFile; fileRef = BFC0D024259225840001A9E1 /* CapitalListViewController.swift */; };
		BFC0D02D259225840001A9E1 /* CapitalListView.swift in Sources */ = {isa = PBXBuildFile; fileRef = BFC0D025259225840001A9E1 /* CapitalListView.swift */; };
		BFC0D03D259225920001A9E1 /* CapitalResponse.swift in Sources */ = {isa = PBXBuildFile; fileRef = BFC0D034259225920001A9E1 /* CapitalResponse.swift */; };
		BFC0D03E259225920001A9E1 /* Capital.swift in Sources */ = {isa = PBXBuildFile; fileRef = BFC0D036259225920001A9E1 /* Capital.swift */; };
		BFC0D03F259225920001A9E1 /* ApiClientProtocol.swift in Sources */ = {isa = PBXBuildFile; fileRef = BFC0D038259225920001A9E1 /* ApiClientProtocol.swift */; };
		BFC0D040259225920001A9E1 /* ApiClient.swift in Sources */ = {isa = PBXBuildFile; fileRef = BFC0D039259225920001A9E1 /* ApiClient.swift */; };
		BFC0D041259225920001A9E1 /* ApiClientMethod.swift in Sources */ = {isa = PBXBuildFile; fileRef = BFC0D03A259225920001A9E1 /* ApiClientMethod.swift */; };
		BFC0D042259225920001A9E1 /* CapitalListRepository.swift in Sources */ = {isa = PBXBuildFile; fileRef = BFC0D03B259225920001A9E1 /* CapitalListRepository.swift */; };
		BFC0D043259225920001A9E1 /* Binder.swift in Sources */ = {isa = PBXBuildFile; fileRef = BFC0D03C259225920001A9E1 /* Binder.swift */; };
		BFC0D048259225BF0001A9E1 /* Resolver.swift in Sources */ = {isa = PBXBuildFile; fileRef = BFC0D047259225BF0001A9E1 /* Resolver.swift */; };
		BFC0D053259227060001A9E1 /* CapitalListViewModelTests.swift in Sources */ = {isa = PBXBuildFile; fileRef = BFC0D052259227060001A9E1 /* CapitalListViewModelTests.swift */; };
		BFC0D05B2592270C0001A9E1 /* CapitalListRepositoryStub.swift in Sources */ = {isa = PBXBuildFile; fileRef = BFC0D05A2592270C0001A9E1 /* CapitalListRepositoryStub.swift */; };
		BFC0D064259227840001A9E1 /* CapitalMock.swift in Sources */ = {isa = PBXBuildFile; fileRef = BFC0D063259227840001A9E1 /* CapitalMock.swift */; };
		BFC0D06C25922AA40001A9E1 /* CapitalListCoordinator.swift in Sources */ = {isa = PBXBuildFile; fileRef = BFC0D06B25922AA40001A9E1 /* CapitalListCoordinator.swift */; };
		BFC0D07325922C530001A9E1 /* CapitalListCoordinatorStub.swift in Sources */ = {isa = PBXBuildFile; fileRef = BFC0D07225922C530001A9E1 /* CapitalListCoordinatorStub.swift */; };
		BFC0D07C25922D400001A9E1 /* UIImageView+Load.swift in Sources */ = {isa = PBXBuildFile; fileRef = BFC0D07B25922D400001A9E1 /* UIImageView+Load.swift */; };
		BFC0D08125923E1D0001A9E1 /* CapitalDetailsAssembly.swift in Sources */ = {isa = PBXBuildFile; fileRef = BFC0D08025923E1D0001A9E1 /* CapitalDetailsAssembly.swift */; };
		BFC0D08625923EB70001A9E1 /* CapitalDetailsViewController.swift in Sources */ = {isa = PBXBuildFile; fileRef = BFC0D08525923EB70001A9E1 /* CapitalDetailsViewController.swift */; };
		BFC0D08B25923F0B0001A9E1 /* CapitalDetailsEvent.swift in Sources */ = {isa = PBXBuildFile; fileRef = BFC0D08A25923F0B0001A9E1 /* CapitalDetailsEvent.swift */; };
		BFC0D09325923F480001A9E1 /* CapitalDetailsViewModel.swift in Sources */ = {isa = PBXBuildFile; fileRef = BFC0D09225923F480001A9E1 /* CapitalDetailsViewModel.swift */; };
		BFC0D09B25923F7D0001A9E1 /* CapitalDetailsResponse.swift in Sources */ = {isa = PBXBuildFile; fileRef = BFC0D09A25923F7D0001A9E1 /* CapitalDetailsResponse.swift */; };
		BFC0D0A025923F860001A9E1 /* CapitalDetails.swift in Sources */ = {isa = PBXBuildFile; fileRef = BFC0D09F25923F860001A9E1 /* CapitalDetails.swift */; };
		BFC0D0A525923F8F0001A9E1 /* CapitalViewerResponse.swift in Sources */ = {isa = PBXBuildFile; fileRef = BFC0D0A425923F8F0001A9E1 /* CapitalViewerResponse.swift */; };
		BFC0D0AD25923FA00001A9E1 /* CapitalViewer.swift in Sources */ = {isa = PBXBuildFile; fileRef = BFC0D0AC25923FA00001A9E1 /* CapitalViewer.swift */; };
		BFC0D0B6259240940001A9E1 /* CapitalDetailsRepository.swift in Sources */ = {isa = PBXBuildFile; fileRef = BFC0D0B5259240940001A9E1 /* CapitalDetailsRepository.swift */; };
		BFC0D0BB2592411A0001A9E1 /* Router.swift in Sources */ = {isa = PBXBuildFile; fileRef = BFC0D0BA2592411A0001A9E1 /* Router.swift */; };
		BFFE00952592566900504685 /* CapitalViewersAssembly.swift in Sources */ = {isa = PBXBuildFile; fileRef = BFFE00942592566900504685 /* CapitalViewersAssembly.swift */; };
		BFFE009A2592567600504685 /* CapitalViewersViewModel.swift in Sources */ = {isa = PBXBuildFile; fileRef = BFFE00992592567600504685 /* CapitalViewersViewModel.swift */; };
		BFFE009F2592568C00504685 /* CapitalViewersViewController.swift in Sources */ = {isa = PBXBuildFile; fileRef = BFFE009E2592568C00504685 /* CapitalViewersViewController.swift */; };
		BFFE00A4259256A300504685 /* CapitalViewersView.swift in Sources */ = {isa = PBXBuildFile; fileRef = BFFE00A3259256A300504685 /* CapitalViewersView.swift */; };
		BFFE00A92592574C00504685 /* CapitalViewersCellView.swift in Sources */ = {isa = PBXBuildFile; fileRef = BFFE00A82592574C00504685 /* CapitalViewersCellView.swift */; };
		BFFE00AE2592575E00504685 /* CapitalViewersCellViewData.swift in Sources */ = {isa = PBXBuildFile; fileRef = BFFE00AD2592575E00504685 /* CapitalViewersCellViewData.swift */; };
		BFFE00B32592594500504685 /* CapitalViewersEvent.swift in Sources */ = {isa = PBXBuildFile; fileRef = BFFE00B22592594500504685 /* CapitalViewersEvent.swift */; };
		BFFE00BE2593431800504685 /* FavouriteCapitalsRepositoryTests.swift in Sources */ = {isa = PBXBuildFile; fileRef = BFFE00BD2593431800504685 /* FavouriteCapitalsRepositoryTests.swift */; };
		BFFE00C62593518800504685 /* CapitalListFiltersView.swift in Sources */ = {isa = PBXBuildFile; fileRef = BFFE00C52593518800504685 /* CapitalListFiltersView.swift */; };
/* End PBXBuildFile section */

/* Begin PBXContainerItemProxy section */
		BFBE37922590FF97004C9FB3 /* PBXContainerItemProxy */ = {
			isa = PBXContainerItemProxy;
			containerPortal = BFBE37732590FF96004C9FB3 /* Project object */;
			proxyType = 1;
			remoteGlobalIDString = BFBE377A2590FF96004C9FB3;
			remoteInfo = EuropeCapitals;
		};
		BFBE379D2590FF97004C9FB3 /* PBXContainerItemProxy */ = {
			isa = PBXContainerItemProxy;
			containerPortal = BFBE37732590FF96004C9FB3 /* Project object */;
			proxyType = 1;
			remoteGlobalIDString = BFBE377A2590FF96004C9FB3;
			remoteInfo = EuropeCapitals;
		};
/* End PBXContainerItemProxy section */

/* Begin PBXFileReference section */
		BF1C8A9A259244B600927C2D /* CapitalDetailsCoordinator.swift */ = {isa = PBXFileReference; lastKnownFileType = sourcecode.swift; path = CapitalDetailsCoordinator.swift; sourceTree = "<group>"; };
		BF1C8AA02592462500927C2D /* ErrorRetryView.swift */ = {isa = PBXFileReference; lastKnownFileType = sourcecode.swift; path = ErrorRetryView.swift; sourceTree = "<group>"; };
		BF1C8AA825924A0100927C2D /* CapitalDetailsViewData.swift */ = {isa = PBXFileReference; lastKnownFileType = sourcecode.swift; path = CapitalDetailsViewData.swift; sourceTree = "<group>"; };
		BF1C8AB625924B7400927C2D /* Base */ = {isa = PBXFileReference; lastKnownFileType = text.plist.strings; name = Base; path = Base.lproj/Localizable.strings; sourceTree = "<group>"; };
		BF1C8ABB25924BE300927C2D /* CapitalDetailsView.swift */ = {isa = PBXFileReference; lastKnownFileType = sourcecode.swift; path = CapitalDetailsView.swift; sourceTree = "<group>"; };
		BF1C8AC825924C3D00927C2D /* CapitalDetailsDetailsView.swift */ = {isa = PBXFileReference; lastKnownFileType = sourcecode.swift; path = CapitalDetailsDetailsView.swift; sourceTree = "<group>"; };
		BF892451259359D6003228DA /* FilteredCapitalListRepository.swift */ = {isa = PBXFileReference; fileEncoding = 4; lastKnownFileType = sourcecode.swift; path = FilteredCapitalListRepository.swift; sourceTree = "<group>"; };
		BF892452259359D6003228DA /* FavouriteCapitalsRepository.swift */ = {isa = PBXFileReference; fileEncoding = 4; lastKnownFileType = sourcecode.swift; path = FavouriteCapitalsRepository.swift; sourceTree = "<group>"; };
		BF89245825935E40003228DA /* FilteredCapitalListRepositoryTests.swift */ = {isa = PBXFileReference; lastKnownFileType = sourcecode.swift; path = FilteredCapitalListRepositoryTests.swift; sourceTree = "<group>"; };
		BF89246025935E6A003228DA /* FavouriteCapitalsRepositoryStub.swift */ = {isa = PBXFileReference; lastKnownFileType = sourcecode.swift; path = FavouriteCapitalsRepositoryStub.swift; sourceTree = "<group>"; };
		BF89246525936138003228DA /* FilteredCapitalListRepositoryStub.swift */ = {isa = PBXFileReference; lastKnownFileType = sourcecode.swift; path = FilteredCapitalListRepositoryStub.swift; sourceTree = "<group>"; };
		BFAD6D8825936D87006D42A7 /* CapitalListCoordinatorTests.swift */ = {isa = PBXFileReference; lastKnownFileType = sourcecode.swift; path = CapitalListCoordinatorTests.swift; sourceTree = "<group>"; };
		BFBE377B2590FF96004C9FB3 /* EuropeCapitals.app */ = {isa = PBXFileReference; explicitFileType = wrapper.application; includeInIndex = 0; path = EuropeCapitals.app; sourceTree = BUILT_PRODUCTS_DIR; };
		BFBE377E2590FF96004C9FB3 /* AppDelegate.swift */ = {isa = PBXFileReference; lastKnownFileType = sourcecode.swift; path = AppDelegate.swift; sourceTree = "<group>"; };
		BFBE37842590FF97004C9FB3 /* Assets.xcassets */ = {isa = PBXFileReference; lastKnownFileType = folder.assetcatalog; path = Assets.xcassets; sourceTree = "<group>"; };
		BFBE378A2590FF97004C9FB3 /* Base */ = {isa = PBXFileReference; lastKnownFileType = file.storyboard; name = Base; path = Base.lproj/LaunchScreen.storyboard; sourceTree = "<group>"; };
		BFBE378C2590FF97004C9FB3 /* Info.plist */ = {isa = PBXFileReference; lastKnownFileType = text.plist.xml; path = Info.plist; sourceTree = "<group>"; };
		BFBE37912590FF97004C9FB3 /* EuropeCapitalsTests.xctest */ = {isa = PBXFileReference; explicitFileType = wrapper.cfbundle; includeInIndex = 0; path = EuropeCapitalsTests.xctest; sourceTree = BUILT_PRODUCTS_DIR; };
		BFBE37972590FF97004C9FB3 /* Info.plist */ = {isa = PBXFileReference; lastKnownFileType = text.plist.xml; path = Info.plist; sourceTree = "<group>"; };
		BFBE379C2590FF97004C9FB3 /* EuropeCapitalsUITests.xctest */ = {isa = PBXFileReference; explicitFileType = wrapper.cfbundle; includeInIndex = 0; path = EuropeCapitalsUITests.xctest; sourceTree = BUILT_PRODUCTS_DIR; };
		BFBE37A02590FF97004C9FB3 /* EuropeCapitalsUITests.swift */ = {isa = PBXFileReference; lastKnownFileType = sourcecode.swift; path = EuropeCapitalsUITests.swift; sourceTree = "<group>"; };
		BFBE37A22590FF97004C9FB3 /* Info.plist */ = {isa = PBXFileReference; lastKnownFileType = text.plist.xml; path = Info.plist; sourceTree = "<group>"; };
		BFC0D01F259225840001A9E1 /* CapitalListEvent.swift */ = {isa = PBXFileReference; fileEncoding = 4; lastKnownFileType = sourcecode.swift; path = CapitalListEvent.swift; sourceTree = "<group>"; };
		BFC0D020259225840001A9E1 /* CapitalListViewModel.swift */ = {isa = PBXFileReference; fileEncoding = 4; lastKnownFileType = sourcecode.swift; path = CapitalListViewModel.swift; sourceTree = "<group>"; };
		BFC0D021259225840001A9E1 /* CapitalListCellView.swift */ = {isa = PBXFileReference; fileEncoding = 4; lastKnownFileType = sourcecode.swift; path = CapitalListCellView.swift; sourceTree = "<group>"; };
		BFC0D022259225840001A9E1 /* CapitalListCellViewData.swift */ = {isa = PBXFileReference; fileEncoding = 4; lastKnownFileType = sourcecode.swift; path = CapitalListCellViewData.swift; sourceTree = "<group>"; };
		BFC0D023259225840001A9E1 /* CapitalListAssembly.swift */ = {isa = PBXFileReference; fileEncoding = 4; lastKnownFileType = sourcecode.swift; path = CapitalListAssembly.swift; sourceTree = "<group>"; };
		BFC0D024259225840001A9E1 /* CapitalListViewController.swift */ = {isa = PBXFileReference; fileEncoding = 4; lastKnownFileType = sourcecode.swift; path = CapitalListViewController.swift; sourceTree = "<group>"; };
		BFC0D025259225840001A9E1 /* CapitalListView.swift */ = {isa = PBXFileReference; fileEncoding = 4; lastKnownFileType = sourcecode.swift; path = CapitalListView.swift; sourceTree = "<group>"; };
		BFC0D034259225920001A9E1 /* CapitalResponse.swift */ = {isa = PBXFileReference; fileEncoding = 4; lastKnownFileType = sourcecode.swift; path = CapitalResponse.swift; sourceTree = "<group>"; };
		BFC0D036259225920001A9E1 /* Capital.swift */ = {isa = PBXFileReference; fileEncoding = 4; lastKnownFileType = sourcecode.swift; path = Capital.swift; sourceTree = "<group>"; };
		BFC0D038259225920001A9E1 /* ApiClientProtocol.swift */ = {isa = PBXFileReference; fileEncoding = 4; lastKnownFileType = sourcecode.swift; path = ApiClientProtocol.swift; sourceTree = "<group>"; };
		BFC0D039259225920001A9E1 /* ApiClient.swift */ = {isa = PBXFileReference; fileEncoding = 4; lastKnownFileType = sourcecode.swift; path = ApiClient.swift; sourceTree = "<group>"; };
		BFC0D03A259225920001A9E1 /* ApiClientMethod.swift */ = {isa = PBXFileReference; fileEncoding = 4; lastKnownFileType = sourcecode.swift; path = ApiClientMethod.swift; sourceTree = "<group>"; };
		BFC0D03B259225920001A9E1 /* CapitalListRepository.swift */ = {isa = PBXFileReference; fileEncoding = 4; lastKnownFileType = sourcecode.swift; path = CapitalListRepository.swift; sourceTree = "<group>"; };
		BFC0D03C259225920001A9E1 /* Binder.swift */ = {isa = PBXFileReference; fileEncoding = 4; lastKnownFileType = sourcecode.swift; path = Binder.swift; sourceTree = "<group>"; };
		BFC0D047259225BF0001A9E1 /* Resolver.swift */ = {isa = PBXFileReference; fileEncoding = 4; lastKnownFileType = sourcecode.swift; path = Resolver.swift; sourceTree = "<group>"; };
		BFC0D052259227060001A9E1 /* CapitalListViewModelTests.swift */ = {isa = PBXFileReference; fileEncoding = 4; lastKnownFileType = sourcecode.swift; path = CapitalListViewModelTests.swift; sourceTree = "<group>"; };
		BFC0D05A2592270C0001A9E1 /* CapitalListRepositoryStub.swift */ = {isa = PBXFileReference; fileEncoding = 4; lastKnownFileType = sourcecode.swift; path = CapitalListRepositoryStub.swift; sourceTree = "<group>"; };
		BFC0D063259227840001A9E1 /* CapitalMock.swift */ = {isa = PBXFileReference; lastKnownFileType = sourcecode.swift; path = CapitalMock.swift; sourceTree = "<group>"; };
		BFC0D06B25922AA40001A9E1 /* CapitalListCoordinator.swift */ = {isa = PBXFileReference; lastKnownFileType = sourcecode.swift; path = CapitalListCoordinator.swift; sourceTree = "<group>"; };
		BFC0D07225922C530001A9E1 /* CapitalListCoordinatorStub.swift */ = {isa = PBXFileReference; lastKnownFileType = sourcecode.swift; path = CapitalListCoordinatorStub.swift; sourceTree = "<group>"; };
		BFC0D07B25922D400001A9E1 /* UIImageView+Load.swift */ = {isa = PBXFileReference; lastKnownFileType = sourcecode.swift; path = "UIImageView+Load.swift"; sourceTree = "<group>"; };
		BFC0D08025923E1D0001A9E1 /* CapitalDetailsAssembly.swift */ = {isa = PBXFileReference; lastKnownFileType = sourcecode.swift; path = CapitalDetailsAssembly.swift; sourceTree = "<group>"; };
		BFC0D08525923EB70001A9E1 /* CapitalDetailsViewController.swift */ = {isa = PBXFileReference; lastKnownFileType = sourcecode.swift; path = CapitalDetailsViewController.swift; sourceTree = "<group>"; };
		BFC0D08A25923F0B0001A9E1 /* CapitalDetailsEvent.swift */ = {isa = PBXFileReference; lastKnownFileType = sourcecode.swift; path = CapitalDetailsEvent.swift; sourceTree = "<group>"; };
		BFC0D09225923F480001A9E1 /* CapitalDetailsViewModel.swift */ = {isa = PBXFileReference; lastKnownFileType = sourcecode.swift; path = CapitalDetailsViewModel.swift; sourceTree = "<group>"; };
		BFC0D09A25923F7D0001A9E1 /* CapitalDetailsResponse.swift */ = {isa = PBXFileReference; lastKnownFileType = sourcecode.swift; path = CapitalDetailsResponse.swift; sourceTree = "<group>"; };
		BFC0D09F25923F860001A9E1 /* CapitalDetails.swift */ = {isa = PBXFileReference; lastKnownFileType = sourcecode.swift; path = CapitalDetails.swift; sourceTree = "<group>"; };
		BFC0D0A425923F8F0001A9E1 /* CapitalViewerResponse.swift */ = {isa = PBXFileReference; lastKnownFileType = sourcecode.swift; path = CapitalViewerResponse.swift; sourceTree = "<group>"; };
		BFC0D0AC25923FA00001A9E1 /* CapitalViewer.swift */ = {isa = PBXFileReference; lastKnownFileType = sourcecode.swift; path = CapitalViewer.swift; sourceTree = "<group>"; };
		BFC0D0B5259240940001A9E1 /* CapitalDetailsRepository.swift */ = {isa = PBXFileReference; lastKnownFileType = sourcecode.swift; path = CapitalDetailsRepository.swift; sourceTree = "<group>"; };
		BFC0D0BA2592411A0001A9E1 /* Router.swift */ = {isa = PBXFileReference; lastKnownFileType = sourcecode.swift; path = Router.swift; sourceTree = "<group>"; };
		BFFE00942592566900504685 /* CapitalViewersAssembly.swift */ = {isa = PBXFileReference; lastKnownFileType = sourcecode.swift; path = CapitalViewersAssembly.swift; sourceTree = "<group>"; };
		BFFE00992592567600504685 /* CapitalViewersViewModel.swift */ = {isa = PBXFileReference; lastKnownFileType = sourcecode.swift; path = CapitalViewersViewModel.swift; sourceTree = "<group>"; };
		BFFE009E2592568C00504685 /* CapitalViewersViewController.swift */ = {isa = PBXFileReference; lastKnownFileType = sourcecode.swift; path = CapitalViewersViewController.swift; sourceTree = "<group>"; };
		BFFE00A3259256A300504685 /* CapitalViewersView.swift */ = {isa = PBXFileReference; lastKnownFileType = sourcecode.swift; path = CapitalViewersView.swift; sourceTree = "<group>"; };
		BFFE00A82592574C00504685 /* CapitalViewersCellView.swift */ = {isa = PBXFileReference; lastKnownFileType = sourcecode.swift; path = CapitalViewersCellView.swift; sourceTree = "<group>"; };
		BFFE00AD2592575E00504685 /* CapitalViewersCellViewData.swift */ = {isa = PBXFileReference; lastKnownFileType = sourcecode.swift; path = CapitalViewersCellViewData.swift; sourceTree = "<group>"; };
		BFFE00B22592594500504685 /* CapitalViewersEvent.swift */ = {isa = PBXFileReference; lastKnownFileType = sourcecode.swift; path = CapitalViewersEvent.swift; sourceTree = "<group>"; };
		BFFE00BD2593431800504685 /* FavouriteCapitalsRepositoryTests.swift */ = {isa = PBXFileReference; lastKnownFileType = sourcecode.swift; path = FavouriteCapitalsRepositoryTests.swift; sourceTree = "<group>"; };
		BFFE00C52593518800504685 /* CapitalListFiltersView.swift */ = {isa = PBXFileReference; lastKnownFileType = sourcecode.swift; path = CapitalListFiltersView.swift; sourceTree = "<group>"; };
/* End PBXFileReference section */

/* Begin PBXFrameworksBuildPhase section */
		BFBE37782590FF96004C9FB3 /* Frameworks */ = {
			isa = PBXFrameworksBuildPhase;
			buildActionMask = 2147483647;
			files = (
			);
			runOnlyForDeploymentPostprocessing = 0;
		};
		BFBE378E2590FF97004C9FB3 /* Frameworks */ = {
			isa = PBXFrameworksBuildPhase;
			buildActionMask = 2147483647;
			files = (
			);
			runOnlyForDeploymentPostprocessing = 0;
		};
		BFBE37992590FF97004C9FB3 /* Frameworks */ = {
			isa = PBXFrameworksBuildPhase;
			buildActionMask = 2147483647;
			files = (
			);
			runOnlyForDeploymentPostprocessing = 0;
		};
/* End PBXFrameworksBuildPhase section */

/* Begin PBXGroup section */
		BF1C8A9F2592461500927C2D /* UI */ = {
			isa = PBXGroup;
			children = (
				BF1C8AA02592462500927C2D /* ErrorRetryView.swift */,
			);
			path = UI;
			sourceTree = "<group>";
		};
		BFBE37722590FF96004C9FB3 = {
			isa = PBXGroup;
			children = (
				BFBE377D2590FF96004C9FB3 /* EuropeCapitals */,
				BFBE37942590FF97004C9FB3 /* EuropeCapitalsTests */,
				BFBE379F2590FF97004C9FB3 /* EuropeCapitalsUITests */,
				BFBE377C2590FF96004C9FB3 /* Products */,
			);
			sourceTree = "<group>";
		};
		BFBE377C2590FF96004C9FB3 /* Products */ = {
			isa = PBXGroup;
			children = (
				BFBE377B2590FF96004C9FB3 /* EuropeCapitals.app */,
				BFBE37912590FF97004C9FB3 /* EuropeCapitalsTests.xctest */,
				BFBE379C2590FF97004C9FB3 /* EuropeCapitalsUITests.xctest */,
			);
			name = Products;
			sourceTree = "<group>";
		};
		BFBE377D2590FF96004C9FB3 /* EuropeCapitals */ = {
			isa = PBXGroup;
			children = (
				BF1C8A9F2592461500927C2D /* UI */,
				BFC0D07A25922D2E0001A9E1 /* Extension */,
				BFC0D013259215C70001A9E1 /* DI */,
				BFC0D010259215A50001A9E1 /* Core */,
				BFC0D00F259215A00001A9E1 /* Modules */,
				BFBE377E2590FF96004C9FB3 /* AppDelegate.swift */,
				BFBE37842590FF97004C9FB3 /* Assets.xcassets */,
				BF1C8AB525924B7400927C2D /* Localizable.strings */,
				BFBE37892590FF97004C9FB3 /* LaunchScreen.storyboard */,
				BFBE378C2590FF97004C9FB3 /* Info.plist */,
			);
			path = EuropeCapitals;
			sourceTree = "<group>";
		};
		BFBE37942590FF97004C9FB3 /* EuropeCapitalsTests */ = {
			isa = PBXGroup;
			children = (
				BFFE00BC2593430400504685 /* Core */,
				BFC0D051259226D90001A9E1 /* Stubs */,
				BFC0D04F259226BE0001A9E1 /* Modules */,
				BFBE37972590FF97004C9FB3 /* Info.plist */,
			);
			path = EuropeCapitalsTests;
			sourceTree = "<group>";
		};
		BFBE379F2590FF97004C9FB3 /* EuropeCapitalsUITests */ = {
			isa = PBXGroup;
			children = (
				BFBE37A02590FF97004C9FB3 /* EuropeCapitalsUITests.swift */,
				BFBE37A22590FF97004C9FB3 /* Info.plist */,
			);
			path = EuropeCapitalsUITests;
			sourceTree = "<group>";
		};
		BFC0D00F259215A00001A9E1 /* Modules */ = {
			isa = PBXGroup;
			children = (
				BFC0D015259215DF0001A9E1 /* CapitalViewers */,
				BFC0D014259215D80001A9E1 /* CapitalDetails */,
				BFC0D012259215AF0001A9E1 /* CapitalList */,
			);
			path = Modules;
			sourceTree = "<group>";
		};
		BFC0D010259215A50001A9E1 /* Core */ = {
			isa = PBXGroup;
			children = (
				BFC0D0B125923FA90001A9E1 /* Repositories */,
				BFC0D03C259225920001A9E1 /* Binder.swift */,
				BFC0D032259225920001A9E1 /* Models */,
				BFC0D037259225920001A9E1 /* Networking */,
			);
			path = Core;
			sourceTree = "<group>";
		};
		BFC0D012259215AF0001A9E1 /* CapitalList */ = {
			isa = PBXGroup;
			children = (
				BFC0D023259225840001A9E1 /* CapitalListAssembly.swift */,
				BFC0D021259225840001A9E1 /* CapitalListCellView.swift */,
				BFC0D022259225840001A9E1 /* CapitalListCellViewData.swift */,
				BFC0D01F259225840001A9E1 /* CapitalListEvent.swift */,
				BFC0D025259225840001A9E1 /* CapitalListView.swift */,
				BFC0D024259225840001A9E1 /* CapitalListViewController.swift */,
				BFC0D020259225840001A9E1 /* CapitalListViewModel.swift */,
				BFC0D06B25922AA40001A9E1 /* CapitalListCoordinator.swift */,
				BFFE00C52593518800504685 /* CapitalListFiltersView.swift */,
			);
			path = CapitalList;
			sourceTree = "<group>";
		};
		BFC0D013259215C70001A9E1 /* DI */ = {
			isa = PBXGroup;
			children = (
				BFC0D047259225BF0001A9E1 /* Resolver.swift */,
			);
			path = DI;
			sourceTree = "<group>";
		};
		BFC0D014259215D80001A9E1 /* CapitalDetails */ = {
			isa = PBXGroup;
			children = (
				BFC0D08025923E1D0001A9E1 /* CapitalDetailsAssembly.swift */,
				BFC0D08525923EB70001A9E1 /* CapitalDetailsViewController.swift */,
				BFC0D08A25923F0B0001A9E1 /* CapitalDetailsEvent.swift */,
				BFC0D09225923F480001A9E1 /* CapitalDetailsViewModel.swift */,
				BF1C8A9A259244B600927C2D /* CapitalDetailsCoordinator.swift */,
				BF1C8AA825924A0100927C2D /* CapitalDetailsViewData.swift */,
				BF1C8ABB25924BE300927C2D /* CapitalDetailsView.swift */,
				BF1C8AC825924C3D00927C2D /* CapitalDetailsDetailsView.swift */,
			);
			path = CapitalDetails;
			sourceTree = "<group>";
		};
		BFC0D015259215DF0001A9E1 /* CapitalViewers */ = {
			isa = PBXGroup;
			children = (
				BFFE00942592566900504685 /* CapitalViewersAssembly.swift */,
				BFFE00992592567600504685 /* CapitalViewersViewModel.swift */,
				BFFE009E2592568C00504685 /* CapitalViewersViewController.swift */,
				BFFE00A3259256A300504685 /* CapitalViewersView.swift */,
				BFFE00A82592574C00504685 /* CapitalViewersCellView.swift */,
				BFFE00AD2592575E00504685 /* CapitalViewersCellViewData.swift */,
				BFFE00B22592594500504685 /* CapitalViewersEvent.swift */,
			);
			path = CapitalViewers;
			sourceTree = "<group>";
		};
		BFC0D032259225920001A9E1 /* Models */ = {
			isa = PBXGroup;
			children = (
				BFC0D033259225920001A9E1 /* Api */,
				BFC0D035259225920001A9E1 /* Domain */,
			);
			path = Models;
			sourceTree = "<group>";
		};
		BFC0D033259225920001A9E1 /* Api */ = {
			isa = PBXGroup;
			children = (
				BFC0D034259225920001A9E1 /* CapitalResponse.swift */,
				BFC0D09A25923F7D0001A9E1 /* CapitalDetailsResponse.swift */,
				BFC0D0A425923F8F0001A9E1 /* CapitalViewerResponse.swift */,
			);
			path = Api;
			sourceTree = "<group>";
		};
		BFC0D035259225920001A9E1 /* Domain */ = {
			isa = PBXGroup;
			children = (
				BFC0D036259225920001A9E1 /* Capital.swift */,
				BFC0D09F25923F860001A9E1 /* CapitalDetails.swift */,
				BFC0D0AC25923FA00001A9E1 /* CapitalViewer.swift */,
			);
			path = Domain;
			sourceTree = "<group>";
		};
		BFC0D037259225920001A9E1 /* Networking */ = {
			isa = PBXGroup;
			children = (
				BFC0D038259225920001A9E1 /* ApiClientProtocol.swift */,
				BFC0D039259225920001A9E1 /* ApiClient.swift */,
				BFC0D03A259225920001A9E1 /* ApiClientMethod.swift */,
				BFC0D0BA2592411A0001A9E1 /* Router.swift */,
			);
			path = Networking;
			sourceTree = "<group>";
		};
		BFC0D04F259226BE0001A9E1 /* Modules */ = {
			isa = PBXGroup;
			children = (
				BFC0D050259226C40001A9E1 /* CapitalList */,
			);
			path = Modules;
			sourceTree = "<group>";
		};
		BFC0D050259226C40001A9E1 /* CapitalList */ = {
			isa = PBXGroup;
			children = (
				BFC0D052259227060001A9E1 /* CapitalListViewModelTests.swift */,
				BFAD6D8825936D87006D42A7 /* CapitalListCoordinatorTests.swift */,
			);
			path = CapitalList;
			sourceTree = "<group>";
		};
		BFC0D051259226D90001A9E1 /* Stubs */ = {
			isa = PBXGroup;
			children = (
				BFC0D07025922C3F0001A9E1 /* Modules */,
				BFC0D062259227760001A9E1 /* Models */,
				BFC0D05A2592270C0001A9E1 /* CapitalListRepositoryStub.swift */,
				BF89246025935E6A003228DA /* FavouriteCapitalsRepositoryStub.swift */,
				BF89246525936138003228DA /* FilteredCapitalListRepositoryStub.swift */,
			);
			path = Stubs;
			sourceTree = "<group>";
		};
		BFC0D062259227760001A9E1 /* Models */ = {
			isa = PBXGroup;
			children = (
				BFC0D063259227840001A9E1 /* CapitalMock.swift */,
			);
			path = Models;
			sourceTree = "<group>";
		};
		BFC0D07025922C3F0001A9E1 /* Modules */ = {
			isa = PBXGroup;
			children = (
				BFC0D07125922C430001A9E1 /* CapitalList */,
			);
			path = Modules;
			sourceTree = "<group>";
		};
		BFC0D07125922C430001A9E1 /* CapitalList */ = {
			isa = PBXGroup;
			children = (
				BFC0D07225922C530001A9E1 /* CapitalListCoordinatorStub.swift */,
			);
			path = CapitalList;
			sourceTree = "<group>";
		};
		BFC0D07A25922D2E0001A9E1 /* Extension */ = {
			isa = PBXGroup;
			children = (
				BFC0D07B25922D400001A9E1 /* UIImageView+Load.swift */,
			);
			path = Extension;
			sourceTree = "<group>";
		};
		BFC0D0B125923FA90001A9E1 /* Repositories */ = {
			isa = PBXGroup;
			children = (
				BF892452259359D6003228DA /* FavouriteCapitalsRepository.swift */,
				BF892451259359D6003228DA /* FilteredCapitalListRepository.swift */,
				BFC0D03B259225920001A9E1 /* CapitalListRepository.swift */,
				BFC0D0B5259240940001A9E1 /* CapitalDetailsRepository.swift */,
			);
			path = Repositories;
			sourceTree = "<group>";
		};
		BFFE00BC2593430400504685 /* Core */ = {
			isa = PBXGroup;
			children = (
				BFFE00BD2593431800504685 /* FavouriteCapitalsRepositoryTests.swift */,
				BF89245825935E40003228DA /* FilteredCapitalListRepositoryTests.swift */,
			);
			path = Core;
			sourceTree = "<group>";
		};
/* End PBXGroup section */

/* Begin PBXNativeTarget section */
		BFBE377A2590FF96004C9FB3 /* EuropeCapitals */ = {
			isa = PBXNativeTarget;
			buildConfigurationList = BFBE37A52590FF97004C9FB3 /* Build configuration list for PBXNativeTarget "EuropeCapitals" */;
			buildPhases = (
				BFBE37772590FF96004C9FB3 /* Sources */,
				BFBE37782590FF96004C9FB3 /* Frameworks */,
				BFBE37792590FF96004C9FB3 /* Resources */,
			);
			buildRules = (
			);
			dependencies = (
			);
			name = EuropeCapitals;
			productName = EuropeCapitals;
			productReference = BFBE377B2590FF96004C9FB3 /* EuropeCapitals.app */;
			productType = "com.apple.product-type.application";
		};
		BFBE37902590FF97004C9FB3 /* EuropeCapitalsTests */ = {
			isa = PBXNativeTarget;
			buildConfigurationList = BFBE37A82590FF97004C9FB3 /* Build configuration list for PBXNativeTarget "EuropeCapitalsTests" */;
			buildPhases = (
				BFBE378D2590FF97004C9FB3 /* Sources */,
				BFBE378E2590FF97004C9FB3 /* Frameworks */,
				BFBE378F2590FF97004C9FB3 /* Resources */,
			);
			buildRules = (
			);
			dependencies = (
				BFBE37932590FF97004C9FB3 /* PBXTargetDependency */,
			);
			name = EuropeCapitalsTests;
			productName = EuropeCapitalsTests;
			productReference = BFBE37912590FF97004C9FB3 /* EuropeCapitalsTests.xctest */;
			productType = "com.apple.product-type.bundle.unit-test";
		};
		BFBE379B2590FF97004C9FB3 /* EuropeCapitalsUITests */ = {
			isa = PBXNativeTarget;
			buildConfigurationList = BFBE37AB2590FF97004C9FB3 /* Build configuration list for PBXNativeTarget "EuropeCapitalsUITests" */;
			buildPhases = (
				BFBE37982590FF97004C9FB3 /* Sources */,
				BFBE37992590FF97004C9FB3 /* Frameworks */,
				BFBE379A2590FF97004C9FB3 /* Resources */,
			);
			buildRules = (
			);
			dependencies = (
				BFBE379E2590FF97004C9FB3 /* PBXTargetDependency */,
			);
			name = EuropeCapitalsUITests;
			productName = EuropeCapitalsUITests;
			productReference = BFBE379C2590FF97004C9FB3 /* EuropeCapitalsUITests.xctest */;
			productType = "com.apple.product-type.bundle.ui-testing";
		};
/* End PBXNativeTarget section */

/* Begin PBXProject section */
		BFBE37732590FF96004C9FB3 /* Project object */ = {
			isa = PBXProject;
			attributes = {
				LastSwiftUpdateCheck = 1220;
				LastUpgradeCheck = 1220;
				TargetAttributes = {
					BFBE377A2590FF96004C9FB3 = {
						CreatedOnToolsVersion = 12.2;
					};
					BFBE37902590FF97004C9FB3 = {
						CreatedOnToolsVersion = 12.2;
						TestTargetID = BFBE377A2590FF96004C9FB3;
					};
					BFBE379B2590FF97004C9FB3 = {
						CreatedOnToolsVersion = 12.2;
						TestTargetID = BFBE377A2590FF96004C9FB3;
					};
				};
			};
			buildConfigurationList = BFBE37762590FF96004C9FB3 /* Build configuration list for PBXProject "EuropeCapitals" */;
			compatibilityVersion = "Xcode 9.3";
			developmentRegion = en;
			hasScannedForEncodings = 0;
			knownRegions = (
				en,
				Base,
			);
			mainGroup = BFBE37722590FF96004C9FB3;
			productRefGroup = BFBE377C2590FF96004C9FB3 /* Products */;
			projectDirPath = "";
			projectRoot = "";
			targets = (
				BFBE377A2590FF96004C9FB3 /* EuropeCapitals */,
				BFBE37902590FF97004C9FB3 /* EuropeCapitalsTests */,
				BFBE379B2590FF97004C9FB3 /* EuropeCapitalsUITests */,
			);
		};
/* End PBXProject section */

/* Begin PBXResourcesBuildPhase section */
		BFBE37792590FF96004C9FB3 /* Resources */ = {
			isa = PBXResourcesBuildPhase;
			buildActionMask = 2147483647;
			files = (
				BFBE378B2590FF97004C9FB3 /* LaunchScreen.storyboard in Resources */,
				BF1C8AB725924B7400927C2D /* Localizable.strings in Resources */,
				BFBE37852590FF97004C9FB3 /* Assets.xcassets in Resources */,
			);
			runOnlyForDeploymentPostprocessing = 0;
		};
		BFBE378F2590FF97004C9FB3 /* Resources */ = {
			isa = PBXResourcesBuildPhase;
			buildActionMask = 2147483647;
			files = (
			);
			runOnlyForDeploymentPostprocessing = 0;
		};
		BFBE379A2590FF97004C9FB3 /* Resources */ = {
			isa = PBXResourcesBuildPhase;
			buildActionMask = 2147483647;
			files = (
			);
			runOnlyForDeploymentPostprocessing = 0;
		};
/* End PBXResourcesBuildPhase section */

/* Begin PBXSourcesBuildPhase section */
		BFBE37772590FF96004C9FB3 /* Sources */ = {
			isa = PBXSourcesBuildPhase;
			buildActionMask = 2147483647;
			files = (
				BF892454259359D6003228DA /* FavouriteCapitalsRepository.swift in Sources */,
				BFC0D02C259225840001A9E1 /* CapitalListViewController.swift in Sources */,
				BFFE00B32592594500504685 /* CapitalViewersEvent.swift in Sources */,
				BFC0D03F259225920001A9E1 /* ApiClientProtocol.swift in Sources */,
				BFC0D0B6259240940001A9E1 /* CapitalDetailsRepository.swift in Sources */,
				BFC0D0AD25923FA00001A9E1 /* CapitalViewer.swift in Sources */,
				BFFE00C62593518800504685 /* CapitalListFiltersView.swift in Sources */,
				BFC0D08B25923F0B0001A9E1 /* CapitalDetailsEvent.swift in Sources */,
				BFC0D042259225920001A9E1 /* CapitalListRepository.swift in Sources */,
				BFFE00952592566900504685 /* CapitalViewersAssembly.swift in Sources */,
				BFC0D07C25922D400001A9E1 /* UIImageView+Load.swift in Sources */,
				BF1C8A9B259244B600927C2D /* CapitalDetailsCoordinator.swift in Sources */,
				BFFE009A2592567600504685 /* CapitalViewersViewModel.swift in Sources */,
				BFC0D02A259225840001A9E1 /* CapitalListCellViewData.swift in Sources */,
				BFFE00A92592574C00504685 /* CapitalViewersCellView.swift in Sources */,
				BFC0D09B25923F7D0001A9E1 /* CapitalDetailsResponse.swift in Sources */,
				BF1C8AC925924C3D00927C2D /* CapitalDetailsDetailsView.swift in Sources */,
				BFC0D041259225920001A9E1 /* ApiClientMethod.swift in Sources */,
				BFC0D028259225840001A9E1 /* CapitalListViewModel.swift in Sources */,
				BFC0D029259225840001A9E1 /* CapitalListCellView.swift in Sources */,
				BFBE377F2590FF96004C9FB3 /* AppDelegate.swift in Sources */,
				BFC0D0A025923F860001A9E1 /* CapitalDetails.swift in Sources */,
				BFC0D02D259225840001A9E1 /* CapitalListView.swift in Sources */,
				BF1C8AA12592462500927C2D /* ErrorRetryView.swift in Sources */,
				BFC0D08625923EB70001A9E1 /* CapitalDetailsViewController.swift in Sources */,
				BF1C8ABC25924BE300927C2D /* CapitalDetailsView.swift in Sources */,
				BF892453259359D6003228DA /* FilteredCapitalListRepository.swift in Sources */,
				BFC0D040259225920001A9E1 /* ApiClient.swift in Sources */,
				BFC0D06C25922AA40001A9E1 /* CapitalListCoordinator.swift in Sources */,
				BFC0D043259225920001A9E1 /* Binder.swift in Sources */,
				BFC0D02B259225840001A9E1 /* CapitalListAssembly.swift in Sources */,
				BFC0D08125923E1D0001A9E1 /* CapitalDetailsAssembly.swift in Sources */,
				BFFE009F2592568C00504685 /* CapitalViewersViewController.swift in Sources */,
				BFC0D048259225BF0001A9E1 /* Resolver.swift in Sources */,
				BFFE00A4259256A300504685 /* CapitalViewersView.swift in Sources */,
				BFC0D03E259225920001A9E1 /* Capital.swift in Sources */,
				BFC0D09325923F480001A9E1 /* CapitalDetailsViewModel.swift in Sources */,
				BFC0D0BB2592411A0001A9E1 /* Router.swift in Sources */,
				BFC0D027259225840001A9E1 /* CapitalListEvent.swift in Sources */,
				BFC0D0A525923F8F0001A9E1 /* CapitalViewerResponse.swift in Sources */,
				BFC0D03D259225920001A9E1 /* CapitalResponse.swift in Sources */,
				BF1C8AA925924A0100927C2D /* CapitalDetailsViewData.swift in Sources */,
				BFFE00AE2592575E00504685 /* CapitalViewersCellViewData.swift in Sources */,
			);
			runOnlyForDeploymentPostprocessing = 0;
		};
		BFBE378D2590FF97004C9FB3 /* Sources */ = {
			isa = PBXSourcesBuildPhase;
			buildActionMask = 2147483647;
			files = (
				BFC0D064259227840001A9E1 /* CapitalMock.swift in Sources */,
				BFFE00BE2593431800504685 /* FavouriteCapitalsRepositoryTests.swift in Sources */,
				BFC0D07325922C530001A9E1 /* CapitalListCoordinatorStub.swift in Sources */,
				BF89246125935E6A003228DA /* FavouriteCapitalsRepositoryStub.swift in Sources */,
				BF89245925935E40003228DA /* FilteredCapitalListRepositoryTests.swift in Sources */,
				BFC0D053259227060001A9E1 /* CapitalListViewModelTests.swift in Sources */,
				BFAD6D8925936D87006D42A7 /* CapitalListCoordinatorTests.swift in Sources */,
				BF89246625936138003228DA /* FilteredCapitalListRepositoryStub.swift in Sources */,
				BFC0D05B2592270C0001A9E1 /* CapitalListRepositoryStub.swift in Sources */,
			);
			runOnlyForDeploymentPostprocessing = 0;
		};
		BFBE37982590FF97004C9FB3 /* Sources */ = {
			isa = PBXSourcesBuildPhase;
			buildActionMask = 2147483647;
			files = (
				BFBE37A12590FF97004C9FB3 /* EuropeCapitalsUITests.swift in Sources */,
			);
			runOnlyForDeploymentPostprocessing = 0;
		};
/* End PBXSourcesBuildPhase section */

/* Begin PBXTargetDependency section */
		BFBE37932590FF97004C9FB3 /* PBXTargetDependency */ = {
			isa = PBXTargetDependency;
			target = BFBE377A2590FF96004C9FB3 /* EuropeCapitals */;
			targetProxy = BFBE37922590FF97004C9FB3 /* PBXContainerItemProxy */;
		};
		BFBE379E2590FF97004C9FB3 /* PBXTargetDependency */ = {
			isa = PBXTargetDependency;
			target = BFBE377A2590FF96004C9FB3 /* EuropeCapitals */;
			targetProxy = BFBE379D2590FF97004C9FB3 /* PBXContainerItemProxy */;
		};
/* End PBXTargetDependency section */

/* Begin PBXVariantGroup section */
		BF1C8AB525924B7400927C2D /* Localizable.strings */ = {
			isa = PBXVariantGroup;
			children = (
				BF1C8AB625924B7400927C2D /* Base */,
			);
			name = Localizable.strings;
			sourceTree = "<group>";
		};
		BFBE37892590FF97004C9FB3 /* LaunchScreen.storyboard */ = {
			isa = PBXVariantGroup;
			children = (
				BFBE378A2590FF97004C9FB3 /* Base */,
			);
			name = LaunchScreen.storyboard;
			sourceTree = "<group>";
		};
/* End PBXVariantGroup section */

/* Begin XCBuildConfiguration section */
		BFBE37A32590FF97004C9FB3 /* Debug */ = {
			isa = XCBuildConfiguration;
			buildSettings = {
				ALWAYS_SEARCH_USER_PATHS = NO;
				CLANG_ANALYZER_NONNULL = YES;
				CLANG_ANALYZER_NUMBER_OBJECT_CONVERSION = YES_AGGRESSIVE;
				CLANG_CXX_LANGUAGE_STANDARD = "gnu++14";
				CLANG_CXX_LIBRARY = "libc++";
				CLANG_ENABLE_MODULES = YES;
				CLANG_ENABLE_OBJC_ARC = YES;
				CLANG_ENABLE_OBJC_WEAK = YES;
				CLANG_WARN_BLOCK_CAPTURE_AUTORELEASING = YES;
				CLANG_WARN_BOOL_CONVERSION = YES;
				CLANG_WARN_COMMA = YES;
				CLANG_WARN_CONSTANT_CONVERSION = YES;
				CLANG_WARN_DEPRECATED_OBJC_IMPLEMENTATIONS = YES;
				CLANG_WARN_DIRECT_OBJC_ISA_USAGE = YES_ERROR;
				CLANG_WARN_DOCUMENTATION_COMMENTS = YES;
				CLANG_WARN_EMPTY_BODY = YES;
				CLANG_WARN_ENUM_CONVERSION = YES;
				CLANG_WARN_INFINITE_RECURSION = YES;
				CLANG_WARN_INT_CONVERSION = YES;
				CLANG_WARN_NON_LITERAL_NULL_CONVERSION = YES;
				CLANG_WARN_OBJC_IMPLICIT_RETAIN_SELF = YES;
				CLANG_WARN_OBJC_LITERAL_CONVERSION = YES;
				CLANG_WARN_OBJC_ROOT_CLASS = YES_ERROR;
				CLANG_WARN_QUOTED_INCLUDE_IN_FRAMEWORK_HEADER = YES;
				CLANG_WARN_RANGE_LOOP_ANALYSIS = YES;
				CLANG_WARN_STRICT_PROTOTYPES = YES;
				CLANG_WARN_SUSPICIOUS_MOVE = YES;
				CLANG_WARN_UNGUARDED_AVAILABILITY = YES_AGGRESSIVE;
				CLANG_WARN_UNREACHABLE_CODE = YES;
				CLANG_WARN__DUPLICATE_METHOD_MATCH = YES;
				COPY_PHASE_STRIP = NO;
				DEBUG_INFORMATION_FORMAT = dwarf;
				ENABLE_STRICT_OBJC_MSGSEND = YES;
				ENABLE_TESTABILITY = YES;
				GCC_C_LANGUAGE_STANDARD = gnu11;
				GCC_DYNAMIC_NO_PIC = NO;
				GCC_NO_COMMON_BLOCKS = YES;
				GCC_OPTIMIZATION_LEVEL = 0;
				GCC_PREPROCESSOR_DEFINITIONS = (
					"DEBUG=1",
					"$(inherited)",
				);
				GCC_WARN_64_TO_32_BIT_CONVERSION = YES;
				GCC_WARN_ABOUT_RETURN_TYPE = YES_ERROR;
				GCC_WARN_UNDECLARED_SELECTOR = YES;
				GCC_WARN_UNINITIALIZED_AUTOS = YES_AGGRESSIVE;
				GCC_WARN_UNUSED_FUNCTION = YES;
				GCC_WARN_UNUSED_VARIABLE = YES;
				IPHONEOS_DEPLOYMENT_TARGET = 14.2;
				MTL_ENABLE_DEBUG_INFO = INCLUDE_SOURCE;
				MTL_FAST_MATH = YES;
				ONLY_ACTIVE_ARCH = YES;
				SDKROOT = iphoneos;
				SWIFT_ACTIVE_COMPILATION_CONDITIONS = DEBUG;
				SWIFT_OPTIMIZATION_LEVEL = "-Onone";
			};
			name = Debug;
		};
		BFBE37A42590FF97004C9FB3 /* Release */ = {
			isa = XCBuildConfiguration;
			buildSettings = {
				ALWAYS_SEARCH_USER_PATHS = NO;
				CLANG_ANALYZER_NONNULL = YES;
				CLANG_ANALYZER_NUMBER_OBJECT_CONVERSION = YES_AGGRESSIVE;
				CLANG_CXX_LANGUAGE_STANDARD = "gnu++14";
				CLANG_CXX_LIBRARY = "libc++";
				CLANG_ENABLE_MODULES = YES;
				CLANG_ENABLE_OBJC_ARC = YES;
				CLANG_ENABLE_OBJC_WEAK = YES;
				CLANG_WARN_BLOCK_CAPTURE_AUTORELEASING = YES;
				CLANG_WARN_BOOL_CONVERSION = YES;
				CLANG_WARN_COMMA = YES;
				CLANG_WARN_CONSTANT_CONVERSION = YES;
				CLANG_WARN_DEPRECATED_OBJC_IMPLEMENTATIONS = YES;
				CLANG_WARN_DIRECT_OBJC_ISA_USAGE = YES_ERROR;
				CLANG_WARN_DOCUMENTATION_COMMENTS = YES;
				CLANG_WARN_EMPTY_BODY = YES;
				CLANG_WARN_ENUM_CONVERSION = YES;
				CLANG_WARN_INFINITE_RECURSION = YES;
				CLANG_WARN_INT_CONVERSION = YES;
				CLANG_WARN_NON_LITERAL_NULL_CONVERSION = YES;
				CLANG_WARN_OBJC_IMPLICIT_RETAIN_SELF = YES;
				CLANG_WARN_OBJC_LITERAL_CONVERSION = YES;
				CLANG_WARN_OBJC_ROOT_CLASS = YES_ERROR;
				CLANG_WARN_QUOTED_INCLUDE_IN_FRAMEWORK_HEADER = YES;
				CLANG_WARN_RANGE_LOOP_ANALYSIS = YES;
				CLANG_WARN_STRICT_PROTOTYPES = YES;
				CLANG_WARN_SUSPICIOUS_MOVE = YES;
				CLANG_WARN_UNGUARDED_AVAILABILITY = YES_AGGRESSIVE;
				CLANG_WARN_UNREACHABLE_CODE = YES;
				CLANG_WARN__DUPLICATE_METHOD_MATCH = YES;
				COPY_PHASE_STRIP = NO;
				DEBUG_INFORMATION_FORMAT = "dwarf-with-dsym";
				ENABLE_NS_ASSERTIONS = NO;
				ENABLE_STRICT_OBJC_MSGSEND = YES;
				GCC_C_LANGUAGE_STANDARD = gnu11;
				GCC_NO_COMMON_BLOCKS = YES;
				GCC_WARN_64_TO_32_BIT_CONVERSION = YES;
				GCC_WARN_ABOUT_RETURN_TYPE = YES_ERROR;
				GCC_WARN_UNDECLARED_SELECTOR = YES;
				GCC_WARN_UNINITIALIZED_AUTOS = YES_AGGRESSIVE;
				GCC_WARN_UNUSED_FUNCTION = YES;
				GCC_WARN_UNUSED_VARIABLE = YES;
				IPHONEOS_DEPLOYMENT_TARGET = 14.2;
				MTL_ENABLE_DEBUG_INFO = NO;
				MTL_FAST_MATH = YES;
				SDKROOT = iphoneos;
				SWIFT_COMPILATION_MODE = wholemodule;
				SWIFT_OPTIMIZATION_LEVEL = "-O";
				VALIDATE_PRODUCT = YES;
			};
			name = Release;
		};
		BFBE37A62590FF97004C9FB3 /* Debug */ = {
			isa = XCBuildConfiguration;
			buildSettings = {
				ASSETCATALOG_COMPILER_APPICON_NAME = AppIcon;
				ASSETCATALOG_COMPILER_GLOBAL_ACCENT_COLOR_NAME = AccentColor;
				CODE_SIGN_STYLE = Automatic;
				DEVELOPMENT_ASSET_PATHS = "";
				ENABLE_PREVIEWS = YES;
				INFOPLIST_FILE = EuropeCapitals/Info.plist;
				IPHONEOS_DEPLOYMENT_TARGET = 12.0;
				LD_RUNPATH_SEARCH_PATHS = (
					"$(inherited)",
					"@executable_path/Frameworks",
				);
				PRODUCT_BUNDLE_IDENTIFIER = com.radekhalski.EuropeCapitals;
				PRODUCT_NAME = "$(TARGET_NAME)";
				SWIFT_VERSION = 5.0;
				TARGETED_DEVICE_FAMILY = "1,2";
			};
			name = Debug;
		};
		BFBE37A72590FF97004C9FB3 /* Release */ = {
			isa = XCBuildConfiguration;
			buildSettings = {
				ASSETCATALOG_COMPILER_APPICON_NAME = AppIcon;
				ASSETCATALOG_COMPILER_GLOBAL_ACCENT_COLOR_NAME = AccentColor;
				CODE_SIGN_STYLE = Automatic;
				DEVELOPMENT_ASSET_PATHS = "";
				ENABLE_PREVIEWS = YES;
				INFOPLIST_FILE = EuropeCapitals/Info.plist;
				IPHONEOS_DEPLOYMENT_TARGET = 12.0;
				LD_RUNPATH_SEARCH_PATHS = (
					"$(inherited)",
					"@executable_path/Frameworks",
				);
				PRODUCT_BUNDLE_IDENTIFIER = com.radekhalski.EuropeCapitals;
				PRODUCT_NAME = "$(TARGET_NAME)";
				SWIFT_VERSION = 5.0;
				TARGETED_DEVICE_FAMILY = "1,2";
			};
			name = Release;
		};
		BFBE37A92590FF97004C9FB3 /* Debug */ = {
			isa = XCBuildConfiguration;
			buildSettings = {
				ALWAYS_EMBED_SWIFT_STANDARD_LIBRARIES = YES;
				BUNDLE_LOADER = "$(TEST_HOST)";
				CODE_SIGN_STYLE = Automatic;
				INFOPLIST_FILE = EuropeCapitalsTests/Info.plist;
				IPHONEOS_DEPLOYMENT_TARGET = 14.2;
				LD_RUNPATH_SEARCH_PATHS = (
					"$(inherited)",
					"@executable_path/Frameworks",
					"@loader_path/Frameworks",
				);
				PRODUCT_BUNDLE_IDENTIFIER = com.radekhalski.EuropeCapitalsTests;
				PRODUCT_NAME = "$(TARGET_NAME)";
				SWIFT_VERSION = 5.0;
				TARGETED_DEVICE_FAMILY = "1,2";
				TEST_HOST = "$(BUILT_PRODUCTS_DIR)/EuropeCapitals.app/EuropeCapitals";
			};
			name = Debug;
		};
		BFBE37AA2590FF97004C9FB3 /* Release */ = {
			isa = XCBuildConfiguration;
			buildSettings = {
				ALWAYS_EMBED_SWIFT_STANDARD_LIBRARIES = YES;
				BUNDLE_LOADER = "$(TEST_HOST)";
				CODE_SIGN_STYLE = Automatic;
				INFOPLIST_FILE = EuropeCapitalsTests/Info.plist;
				IPHONEOS_DEPLOYMENT_TARGET = 14.2;
				LD_RUNPATH_SEARCH_PATHS = (
					"$(inherited)",
					"@executable_path/Frameworks",
					"@loader_path/Frameworks",
				);
				PRODUCT_BUNDLE_IDENTIFIER = com.radekhalski.EuropeCapitalsTests;
				PRODUCT_NAME = "$(TARGET_NAME)";
				SWIFT_VERSION = 5.0;
				TARGETED_DEVICE_FAMILY = "1,2";
				TEST_HOST = "$(BUILT_PRODUCTS_DIR)/EuropeCapitals.app/EuropeCapitals";
			};
			name = Release;
		};
		BFBE37AC2590FF97004C9FB3 /* Debug */ = {
			isa = XCBuildConfiguration;
			buildSettings = {
				ALWAYS_EMBED_SWIFT_STANDARD_LIBRARIES = YES;
				CODE_SIGN_STYLE = Automatic;
				INFOPLIST_FILE = EuropeCapitalsUITests/Info.plist;
				LD_RUNPATH_SEARCH_PATHS = (
					"$(inherited)",
					"@executable_path/Frameworks",
					"@loader_path/Frameworks",
				);
				PRODUCT_BUNDLE_IDENTIFIER = com.radekhalski.EuropeCapitalsUITests;
				PRODUCT_NAME = "$(TARGET_NAME)";
				SWIFT_VERSION = 5.0;
				TARGETED_DEVICE_FAMILY = "1,2";
				TEST_TARGET_NAME = EuropeCapitals;
			};
			name = Debug;
		};
		BFBE37AD2590FF97004C9FB3 /* Release */ = {
			isa = XCBuildConfiguration;
			buildSettings = {
				ALWAYS_EMBED_SWIFT_STANDARD_LIBRARIES = YES;
				CODE_SIGN_STYLE = Automatic;
				INFOPLIST_FILE = EuropeCapitalsUITests/Info.plist;
				LD_RUNPATH_SEARCH_PATHS = (
					"$(inherited)",
					"@executable_path/Frameworks",
					"@loader_path/Frameworks",
				);
				PRODUCT_BUNDLE_IDENTIFIER = com.radekhalski.EuropeCapitalsUITests;
				PRODUCT_NAME = "$(TARGET_NAME)";
				SWIFT_VERSION = 5.0;
				TARGETED_DEVICE_FAMILY = "1,2";
				TEST_TARGET_NAME = EuropeCapitals;
			};
			name = Release;
		};
/* End XCBuildConfiguration section */

/* Begin XCConfigurationList section */
		BFBE37762590FF96004C9FB3 /* Build configuration list for PBXProject "EuropeCapitals" */ = {
			isa = XCConfigurationList;
			buildConfigurations = (
				BFBE37A32590FF97004C9FB3 /* Debug */,
				BFBE37A42590FF97004C9FB3 /* Release */,
			);
			defaultConfigurationIsVisible = 0;
			defaultConfigurationName = Release;
		};
		BFBE37A52590FF97004C9FB3 /* Build configuration list for PBXNativeTarget "EuropeCapitals" */ = {
			isa = XCConfigurationList;
			buildConfigurations = (
				BFBE37A62590FF97004C9FB3 /* Debug */,
				BFBE37A72590FF97004C9FB3 /* Release */,
			);
			defaultConfigurationIsVisible = 0;
			defaultConfigurationName = Release;
		};
		BFBE37A82590FF97004C9FB3 /* Build configuration list for PBXNativeTarget "EuropeCapitalsTests" */ = {
			isa = XCConfigurationList;
			buildConfigurations = (
				BFBE37A92590FF97004C9FB3 /* Debug */,
				BFBE37AA2590FF97004C9FB3 /* Release */,
			);
			defaultConfigurationIsVisible = 0;
			defaultConfigurationName = Release;
		};
		BFBE37AB2590FF97004C9FB3 /* Build configuration list for PBXNativeTarget "EuropeCapitalsUITests" */ = {
			isa = XCConfigurationList;
			buildConfigurations = (
				BFBE37AC2590FF97004C9FB3 /* Debug */,
				BFBE37AD2590FF97004C9FB3 /* Release */,
			);
			defaultConfigurationIsVisible = 0;
			defaultConfigurationName = Release;
		};
/* End XCConfigurationList section */
	};
	rootObject = BFBE37732590FF96004C9FB3 /* Project object */;
}
