// !$*UTF8*$!
{
	archiveVersion = 1;
	classes = {
	};
	objectVersion = 50;
	objects = {

/* Begin PBXBuildFile section */
		BFBE377F2590FF96004C9FB3 /* AppDelegate.swift in Sources */ = {isa = PBXBuildFile; fileRef = BFBE377E2590FF96004C9FB3 /* AppDelegate.swift */; };
		BFBE37812590FF96004C9FB3 /* SceneDelegate.swift in Sources */ = {isa = PBXBuildFile; fileRef = BFBE37802590FF96004C9FB3 /* SceneDelegate.swift */; };
		BFBE37832590FF96004C9FB3 /* ContentView.swift in Sources */ = {isa = PBXBuildFile; fileRef = BFBE37822590FF96004C9FB3 /* ContentView.swift */; };
		BFBE37852590FF97004C9FB3 /* Assets.xcassets in Resources */ = {isa = PBXBuildFile; fileRef = BFBE37842590FF97004C9FB3 /* Assets.xcassets */; };
		BFBE37882590FF97004C9FB3 /* Preview Assets.xcassets in Resources */ = {isa = PBXBuildFile; fileRef = BFBE37872590FF97004C9FB3 /* Preview Assets.xcassets */; };
		BFBE378B2590FF97004C9FB3 /* LaunchScreen.storyboard in Resources */ = {isa = PBXBuildFile; fileRef = BFBE37892590FF97004C9FB3 /* LaunchScreen.storyboard */; };
		BFBE37962590FF97004C9FB3 /* EuropeCapitalsTests.swift in Sources */ = {isa = PBXBuildFile; fileRef = BFBE37952590FF97004C9FB3 /* EuropeCapitalsTests.swift */; };
		BFBE37A12590FF97004C9FB3 /* EuropeCapitalsUITests.swift in Sources */ = {isa = PBXBuildFile; fileRef = BFBE37A02590FF97004C9FB3 /* EuropeCapitalsUITests.swift */; };
/* End PBXBuildFile section */

/* Begin PBXContainerItemProxy section */
		BFBE37922590FF97004C9FB3 /* PBXContainerItemProxy */ = {
			isa = PBXContainerItemProxy;
			containerPortal = BFBE37732590FF96004C9FB3 /* Project object */;
			proxyType = 1;
			remoteGlobalIDString = BFBE377A2590FF96004C9FB3;
			remoteInfo = EuropeCapitals;
		};
		BFBE379D2590FF97004C9FB3 /* PBXContainerItemProxy */ = {
			isa = PBXContainerItemProxy;
			containerPortal = BFBE37732590FF96004C9FB3 /* Project object */;
			proxyType = 1;
			remoteGlobalIDString = BFBE377A2590FF96004C9FB3;
			remoteInfo = EuropeCapitals;
		};
/* End PBXContainerItemProxy section */

/* Begin PBXFileReference section */
		BFBE377B2590FF96004C9FB3 /* EuropeCapitals.app */ = {isa = PBXFileReference; explicitFileType = wrapper.application; includeInIndex = 0; path = EuropeCapitals.app; sourceTree = BUILT_PRODUCTS_DIR; };
		BFBE377E2590FF96004C9FB3 /* AppDelegate.swift */ = {isa = PBXFileReference; lastKnownFileType = sourcecode.swift; path = AppDelegate.swift; sourceTree = "<group>"; };
		BFBE37802590FF96004C9FB3 /* SceneDelegate.swift */ = {isa = PBXFileReference; lastKnownFileType = sourcecode.swift; path = SceneDelegate.swift; sourceTree = "<group>"; };
		BFBE37822590FF96004C9FB3 /* ContentView.swift */ = {isa = PBXFileReference; lastKnownFileType = sourcecode.swift; path = ContentView.swift; sourceTree = "<group>"; };
		BFBE37842590FF97004C9FB3 /* Assets.xcassets */ = {isa = PBXFileReference; lastKnownFileType = folder.assetcatalog; path = Assets.xcassets; sourceTree = "<group>"; };
		BFBE37872590FF97004C9FB3 /* Preview Assets.xcassets */ = {isa = PBXFileReference; lastKnownFileType = folder.assetcatalog; path = "Preview Assets.xcassets"; sourceTree = "<group>"; };
		BFBE378A2590FF97004C9FB3 /* Base */ = {isa = PBXFileReference; lastKnownFileType = file.storyboard; name = Base; path = Base.lproj/LaunchScreen.storyboard; sourceTree = "<group>"; };
		BFBE378C2590FF97004C9FB3 /* Info.plist */ = {isa = PBXFileReference; lastKnownFileType = text.plist.xml; path = Info.plist; sourceTree = "<group>"; };
		BFBE37912590FF97004C9FB3 /* EuropeCapitalsTests.xctest */ = {isa = PBXFileReference; explicitFileType = wrapper.cfbundle; includeInIndex = 0; path = EuropeCapitalsTests.xctest; sourceTree = BUILT_PRODUCTS_DIR; };
		BFBE37952590FF97004C9FB3 /* EuropeCapitalsTests.swift */ = {isa = PBXFileReference; lastKnownFileType = sourcecode.swift; path = EuropeCapitalsTests.swift; sourceTree = "<group>"; };
		BFBE37972590FF97004C9FB3 /* Info.plist */ = {isa = PBXFileReference; lastKnownFileType = text.plist.xml; path = Info.plist; sourceTree = "<group>"; };
		BFBE379C2590FF97004C9FB3 /* EuropeCapitalsUITests.xctest */ = {isa = PBXFileReference; explicitFileType = wrapper.cfbundle; includeInIndex = 0; path = EuropeCapitalsUITests.xctest; sourceTree = BUILT_PRODUCTS_DIR; };
		BFBE37A02590FF97004C9FB3 /* EuropeCapitalsUITests.swift */ = {isa = PBXFileReference; lastKnownFileType = sourcecode.swift; path = EuropeCapitalsUITests.swift; sourceTree = "<group>"; };
		BFBE37A22590FF97004C9FB3 /* Info.plist */ = {isa = PBXFileReference; lastKnownFileType = text.plist.xml; path = Info.plist; sourceTree = "<group>"; };
/* End PBXFileReference section */

/* Begin PBXFrameworksBuildPhase section */
		BFBE37782590FF96004C9FB3 /* Frameworks */ = {
			isa = PBXFrameworksBuildPhase;
			buildActionMask = 2147483647;
			files = (
			);
			runOnlyForDeploymentPostprocessing = 0;
		};
		BFBE378E2590FF97004C9FB3 /* Frameworks */ = {
			isa = PBXFrameworksBuildPhase;
			buildActionMask = 2147483647;
			files = (
			);
			runOnlyForDeploymentPostprocessing = 0;
		};
		BFBE37992590FF97004C9FB3 /* Frameworks */ = {
			isa = PBXFrameworksBuildPhase;
			buildActionMask = 2147483647;
			files = (
			);
			runOnlyForDeploymentPostprocessing = 0;
		};
/* End PBXFrameworksBuildPhase section */

/* Begin PBXGroup section */
		BFBE37722590FF96004C9FB3 = {
			isa = PBXGroup;
			children = (
				BFBE377D2590FF96004C9FB3 /* EuropeCapitals */,
				BFBE37942590FF97004C9FB3 /* EuropeCapitalsTests */,
				BFBE379F2590FF97004C9FB3 /* EuropeCapitalsUITests */,
				BFBE377C2590FF96004C9FB3 /* Products */,
			);
			sourceTree = "<group>";
		};
		BFBE377C2590FF96004C9FB3 /* Products */ = {
			isa = PBXGroup;
			children = (
				BFBE377B2590FF96004C9FB3 /* EuropeCapitals.app */,
				BFBE37912590FF97004C9FB3 /* EuropeCapitalsTests.xctest */,
				BFBE379C2590FF97004C9FB3 /* EuropeCapitalsUITests.xctest */,
			);
			name = Products;
			sourceTree = "<group>";
		};
		BFBE377D2590FF96004C9FB3 /* EuropeCapitals */ = {
			isa = PBXGroup;
			children = (
				BFBE377E2590FF96004C9FB3 /* AppDelegate.swift */,
				BFBE37802590FF96004C9FB3 /* SceneDelegate.swift */,
				BFBE37822590FF96004C9FB3 /* ContentView.swift */,
				BFBE37842590FF97004C9FB3 /* Assets.xcassets */,
				BFBE37892590FF97004C9FB3 /* LaunchScreen.storyboard */,
				BFBE378C2590FF97004C9FB3 /* Info.plist */,
				BFBE37862590FF97004C9FB3 /* Preview Content */,
			);
			path = EuropeCapitals;
			sourceTree = "<group>";
		};
		BFBE37862590FF97004C9FB3 /* Preview Content */ = {
			isa = PBXGroup;
			children = (
				BFBE37872590FF97004C9FB3 /* Preview Assets.xcassets */,
			);
			path = "Preview Content";
			sourceTree = "<group>";
		};
		BFBE37942590FF97004C9FB3 /* EuropeCapitalsTests */ = {
			isa = PBXGroup;
			children = (
				BFBE37952590FF97004C9FB3 /* EuropeCapitalsTests.swift */,
				BFBE37972590FF97004C9FB3 /* Info.plist */,
			);
			path = EuropeCapitalsTests;
			sourceTree = "<group>";
		};
		BFBE379F2590FF97004C9FB3 /* EuropeCapitalsUITests */ = {
			isa = PBXGroup;
			children = (
				BFBE37A02590FF97004C9FB3 /* EuropeCapitalsUITests.swift */,
				BFBE37A22590FF97004C9FB3 /* Info.plist */,
			);
			path = EuropeCapitalsUITests;
			sourceTree = "<group>";
		};
/* End PBXGroup section */

/* Begin PBXNativeTarget section */
		BFBE377A2590FF96004C9FB3 /* EuropeCapitals */ = {
			isa = PBXNativeTarget;
			buildConfigurationList = BFBE37A52590FF97004C9FB3 /* Build configuration list for PBXNativeTarget "EuropeCapitals" */;
			buildPhases = (
				BFBE37772590FF96004C9FB3 /* Sources */,
				BFBE37782590FF96004C9FB3 /* Frameworks */,
				BFBE37792590FF96004C9FB3 /* Resources */,
			);
			buildRules = (
			);
			dependencies = (
			);
			name = EuropeCapitals;
			productName = EuropeCapitals;
			productReference = BFBE377B2590FF96004C9FB3 /* EuropeCapitals.app */;
			productType = "com.apple.product-type.application";
		};
		BFBE37902590FF97004C9FB3 /* EuropeCapitalsTests */ = {
			isa = PBXNativeTarget;
			buildConfigurationList = BFBE37A82590FF97004C9FB3 /* Build configuration list for PBXNativeTarget "EuropeCapitalsTests" */;
			buildPhases = (
				BFBE378D2590FF97004C9FB3 /* Sources */,
				BFBE378E2590FF97004C9FB3 /* Frameworks */,
				BFBE378F2590FF97004C9FB3 /* Resources */,
			);
			buildRules = (
			);
			dependencies = (
				BFBE37932590FF97004C9FB3 /* PBXTargetDependency */,
			);
			name = EuropeCapitalsTests;
			productName = EuropeCapitalsTests;
			productReference = BFBE37912590FF97004C9FB3 /* EuropeCapitalsTests.xctest */;
			productType = "com.apple.product-type.bundle.unit-test";
		};
		BFBE379B2590FF97004C9FB3 /* EuropeCapitalsUITests */ = {
			isa = PBXNativeTarget;
			buildConfigurationList = BFBE37AB2590FF97004C9FB3 /* Build configuration list for PBXNativeTarget "EuropeCapitalsUITests" */;
			buildPhases = (
				BFBE37982590FF97004C9FB3 /* Sources */,
				BFBE37992590FF97004C9FB3 /* Frameworks */,
				BFBE379A2590FF97004C9FB3 /* Resources */,
			);
			buildRules = (
			);
			dependencies = (
				BFBE379E2590FF97004C9FB3 /* PBXTargetDependency */,
			);
			name = EuropeCapitalsUITests;
			productName = EuropeCapitalsUITests;
			productReference = BFBE379C2590FF97004C9FB3 /* EuropeCapitalsUITests.xctest */;
			productType = "com.apple.product-type.bundle.ui-testing";
		};
/* End PBXNativeTarget section */

/* Begin PBXProject section */
		BFBE37732590FF96004C9FB3 /* Project object */ = {
			isa = PBXProject;
			attributes = {
				LastSwiftUpdateCheck = 1220;
				LastUpgradeCheck = 1220;
				TargetAttributes = {
					BFBE377A2590FF96004C9FB3 = {
						CreatedOnToolsVersion = 12.2;
					};
					BFBE37902590FF97004C9FB3 = {
						CreatedOnToolsVersion = 12.2;
						TestTargetID = BFBE377A2590FF96004C9FB3;
					};
					BFBE379B2590FF97004C9FB3 = {
						CreatedOnToolsVersion = 12.2;
						TestTargetID = BFBE377A2590FF96004C9FB3;
					};
				};
			};
			buildConfigurationList = BFBE37762590FF96004C9FB3 /* Build configuration list for PBXProject "EuropeCapitals" */;
			compatibilityVersion = "Xcode 9.3";
			developmentRegion = en;
			hasScannedForEncodings = 0;
			knownRegions = (
				en,
				Base,
			);
			mainGroup = BFBE37722590FF96004C9FB3;
			productRefGroup = BFBE377C2590FF96004C9FB3 /* Products */;
			projectDirPath = "";
			projectRoot = "";
			targets = (
				BFBE377A2590FF96004C9FB3 /* EuropeCapitals */,
				BFBE37902590FF97004C9FB3 /* EuropeCapitalsTests */,
				BFBE379B2590FF97004C9FB3 /* EuropeCapitalsUITests */,
			);
		};
/* End PBXProject section */

/* Begin PBXResourcesBuildPhase section */
		BFBE37792590FF96004C9FB3 /* Resources */ = {
			isa = PBXResourcesBuildPhase;
			buildActionMask = 2147483647;
			files = (
				BFBE378B2590FF97004C9FB3 /* LaunchScreen.storyboard in Resources */,
				BFBE37882590FF97004C9FB3 /* Preview Assets.xcassets in Resources */,
				BFBE37852590FF97004C9FB3 /* Assets.xcassets in Resources */,
			);
			runOnlyForDeploymentPostprocessing = 0;
		};
		BFBE378F2590FF97004C9FB3 /* Resources */ = {
			isa = PBXResourcesBuildPhase;
			buildActionMask = 2147483647;
			files = (
			);
			runOnlyForDeploymentPostprocessing = 0;
		};
		BFBE379A2590FF97004C9FB3 /* Resources */ = {
			isa = PBXResourcesBuildPhase;
			buildActionMask = 2147483647;
			files = (
			);
			runOnlyForDeploymentPostprocessing = 0;
		};
/* End PBXResourcesBuildPhase section */

/* Begin PBXSourcesBuildPhase section */
		BFBE37772590FF96004C9FB3 /* Sources */ = {
			isa = PBXSourcesBuildPhase;
			buildActionMask = 2147483647;
			files = (
				BFBE377F2590FF96004C9FB3 /* AppDelegate.swift in Sources */,
				BFBE37812590FF96004C9FB3 /* SceneDelegate.swift in Sources */,
				BFBE37832590FF96004C9FB3 /* ContentView.swift in Sources */,
			);
			runOnlyForDeploymentPostprocessing = 0;
		};
		BFBE378D2590FF97004C9FB3 /* Sources */ = {
			isa = PBXSourcesBuildPhase;
			buildActionMask = 2147483647;
			files = (
				BFBE37962590FF97004C9FB3 /* EuropeCapitalsTests.swift in Sources */,
			);
			runOnlyForDeploymentPostprocessing = 0;
		};
		BFBE37982590FF97004C9FB3 /* Sources */ = {
			isa = PBXSourcesBuildPhase;
			buildActionMask = 2147483647;
			files = (
				BFBE37A12590FF97004C9FB3 /* EuropeCapitalsUITests.swift in Sources */,
			);
			runOnlyForDeploymentPostprocessing = 0;
		};
/* End PBXSourcesBuildPhase section */

/* Begin PBXTargetDependency section */
		BFBE37932590FF97004C9FB3 /* PBXTargetDependency */ = {
			isa = PBXTargetDependency;
			target = BFBE377A2590FF96004C9FB3 /* EuropeCapitals */;
			targetProxy = BFBE37922590FF97004C9FB3 /* PBXContainerItemProxy */;
		};
		BFBE379E2590FF97004C9FB3 /* PBXTargetDependency */ = {
			isa = PBXTargetDependency;
			target = BFBE377A2590FF96004C9FB3 /* EuropeCapitals */;
			targetProxy = BFBE379D2590FF97004C9FB3 /* PBXContainerItemProxy */;
		};
/* End PBXTargetDependency section */

/* Begin PBXVariantGroup section */
		BFBE37892590FF97004C9FB3 /* LaunchScreen.storyboard */ = {
			isa = PBXVariantGroup;
			children = (
				BFBE378A2590FF97004C9FB3 /* Base */,
			);
			name = LaunchScreen.storyboard;
			sourceTree = "<group>";
		};
/* End PBXVariantGroup section */

/* Begin XCBuildConfiguration section */
		BFBE37A32590FF97004C9FB3 /* Debug */ = {
			isa = XCBuildConfiguration;
			buildSettings = {
				ALWAYS_SEARCH_USER_PATHS = NO;
				CLANG_ANALYZER_NONNULL = YES;
				CLANG_ANALYZER_NUMBER_OBJECT_CONVERSION = YES_AGGRESSIVE;
				CLANG_CXX_LANGUAGE_STANDARD = "gnu++14";
				CLANG_CXX_LIBRARY = "libc++";
				CLANG_ENABLE_MODULES = YES;
				CLANG_ENABLE_OBJC_ARC = YES;
				CLANG_ENABLE_OBJC_WEAK = YES;
				CLANG_WARN_BLOCK_CAPTURE_AUTORELEASING = YES;
				CLANG_WARN_BOOL_CONVERSION = YES;
				CLANG_WARN_COMMA = YES;
				CLANG_WARN_CONSTANT_CONVERSION = YES;
				CLANG_WARN_DEPRECATED_OBJC_IMPLEMENTATIONS = YES;
				CLANG_WARN_DIRECT_OBJC_ISA_USAGE = YES_ERROR;
				CLANG_WARN_DOCUMENTATION_COMMENTS = YES;
				CLANG_WARN_EMPTY_BODY = YES;
				CLANG_WARN_ENUM_CONVERSION = YES;
				CLANG_WARN_INFINITE_RECURSION = YES;
				CLANG_WARN_INT_CONVERSION = YES;
				CLANG_WARN_NON_LITERAL_NULL_CONVERSION = YES;
				CLANG_WARN_OBJC_IMPLICIT_RETAIN_SELF = YES;
				CLANG_WARN_OBJC_LITERAL_CONVERSION = YES;
				CLANG_WARN_OBJC_ROOT_CLASS = YES_ERROR;
				CLANG_WARN_QUOTED_INCLUDE_IN_FRAMEWORK_HEADER = YES;
				CLANG_WARN_RANGE_LOOP_ANALYSIS = YES;
				CLANG_WARN_STRICT_PROTOTYPES = YES;
				CLANG_WARN_SUSPICIOUS_MOVE = YES;
				CLANG_WARN_UNGUARDED_AVAILABILITY = YES_AGGRESSIVE;
				CLANG_WARN_UNREACHABLE_CODE = YES;
				CLANG_WARN__DUPLICATE_METHOD_MATCH = YES;
				COPY_PHASE_STRIP = NO;
				DEBUG_INFORMATION_FORMAT = dwarf;
				ENABLE_STRICT_OBJC_MSGSEND = YES;
				ENABLE_TESTABILITY = YES;
				GCC_C_LANGUAGE_STANDARD = gnu11;
				GCC_DYNAMIC_NO_PIC = NO;
				GCC_NO_COMMON_BLOCKS = YES;
				GCC_OPTIMIZATION_LEVEL = 0;
				GCC_PREPROCESSOR_DEFINITIONS = (
					"DEBUG=1",
					"$(inherited)",
				);
				GCC_WARN_64_TO_32_BIT_CONVERSION = YES;
				GCC_WARN_ABOUT_RETURN_TYPE = YES_ERROR;
				GCC_WARN_UNDECLARED_SELECTOR = YES;
				GCC_WARN_UNINITIALIZED_AUTOS = YES_AGGRESSIVE;
				GCC_WARN_UNUSED_FUNCTION = YES;
				GCC_WARN_UNUSED_VARIABLE = YES;
				IPHONEOS_DEPLOYMENT_TARGET = 14.2;
				MTL_ENABLE_DEBUG_INFO = INCLUDE_SOURCE;
				MTL_FAST_MATH = YES;
				ONLY_ACTIVE_ARCH = YES;
				SDKROOT = iphoneos;
				SWIFT_ACTIVE_COMPILATION_CONDITIONS = DEBUG;
				SWIFT_OPTIMIZATION_LEVEL = "-Onone";
			};
			name = Debug;
		};
		BFBE37A42590FF97004C9FB3 /* Release */ = {
			isa = XCBuildConfiguration;
			buildSettings = {
				ALWAYS_SEARCH_USER_PATHS = NO;
				CLANG_ANALYZER_NONNULL = YES;
				CLANG_ANALYZER_NUMBER_OBJECT_CONVERSION = YES_AGGRESSIVE;
				CLANG_CXX_LANGUAGE_STANDARD = "gnu++14";
				CLANG_CXX_LIBRARY = "libc++";
				CLANG_ENABLE_MODULES = YES;
				CLANG_ENABLE_OBJC_ARC = YES;
				CLANG_ENABLE_OBJC_WEAK = YES;
				CLANG_WARN_BLOCK_CAPTURE_AUTORELEASING = YES;
				CLANG_WARN_BOOL_CONVERSION = YES;
				CLANG_WARN_COMMA = YES;
				CLANG_WARN_CONSTANT_CONVERSION = YES;
				CLANG_WARN_DEPRECATED_OBJC_IMPLEMENTATIONS = YES;
				CLANG_WARN_DIRECT_OBJC_ISA_USAGE = YES_ERROR;
				CLANG_WARN_DOCUMENTATION_COMMENTS = YES;
				CLANG_WARN_EMPTY_BODY = YES;
				CLANG_WARN_ENUM_CONVERSION = YES;
				CLANG_WARN_INFINITE_RECURSION = YES;
				CLANG_WARN_INT_CONVERSION = YES;
				CLANG_WARN_NON_LITERAL_NULL_CONVERSION = YES;
				CLANG_WARN_OBJC_IMPLICIT_RETAIN_SELF = YES;
				CLANG_WARN_OBJC_LITERAL_CONVERSION = YES;
				CLANG_WARN_OBJC_ROOT_CLASS = YES_ERROR;
				CLANG_WARN_QUOTED_INCLUDE_IN_FRAMEWORK_HEADER = YES;
				CLANG_WARN_RANGE_LOOP_ANALYSIS = YES;
				CLANG_WARN_STRICT_PROTOTYPES = YES;
				CLANG_WARN_SUSPICIOUS_MOVE = YES;
				CLANG_WARN_UNGUARDED_AVAILABILITY = YES_AGGRESSIVE;
				CLANG_WARN_UNREACHABLE_CODE = YES;
				CLANG_WARN__DUPLICATE_METHOD_MATCH = YES;
				COPY_PHASE_STRIP = NO;
				DEBUG_INFORMATION_FORMAT = "dwarf-with-dsym";
				ENABLE_NS_ASSERTIONS = NO;
				ENABLE_STRICT_OBJC_MSGSEND = YES;
				GCC_C_LANGUAGE_STANDARD = gnu11;
				GCC_NO_COMMON_BLOCKS = YES;
				GCC_WARN_64_TO_32_BIT_CONVERSION = YES;
				GCC_WARN_ABOUT_RETURN_TYPE = YES_ERROR;
				GCC_WARN_UNDECLARED_SELECTOR = YES;
				GCC_WARN_UNINITIALIZED_AUTOS = YES_AGGRESSIVE;
				GCC_WARN_UNUSED_FUNCTION = YES;
				GCC_WARN_UNUSED_VARIABLE = YES;
				IPHONEOS_DEPLOYMENT_TARGET = 14.2;
				MTL_ENABLE_DEBUG_INFO = NO;
				MTL_FAST_MATH = YES;
				SDKROOT = iphoneos;
				SWIFT_COMPILATION_MODE = wholemodule;
				SWIFT_OPTIMIZATION_LEVEL = "-O";
				VALIDATE_PRODUCT = YES;
			};
			name = Release;
		};
		BFBE37A62590FF97004C9FB3 /* Debug */ = {
			isa = XCBuildConfiguration;
			buildSettings = {
				ASSETCATALOG_COMPILER_APPICON_NAME = AppIcon;
				ASSETCATALOG_COMPILER_GLOBAL_ACCENT_COLOR_NAME = AccentColor;
				CODE_SIGN_STYLE = Automatic;
				DEVELOPMENT_ASSET_PATHS = "\"EuropeCapitals/Preview Content\"";
				ENABLE_PREVIEWS = YES;
				INFOPLIST_FILE = EuropeCapitals/Info.plist;
				LD_RUNPATH_SEARCH_PATHS = (
					"$(inherited)",
					"@executable_path/Frameworks",
				);
				PRODUCT_BUNDLE_IDENTIFIER = com.radekhalski.EuropeCapitals;
				PRODUCT_NAME = "$(TARGET_NAME)";
				SWIFT_VERSION = 5.0;
				TARGETED_DEVICE_FAMILY = "1,2";
			};
			name = Debug;
		};
		BFBE37A72590FF97004C9FB3 /* Release */ = {
			isa = XCBuildConfiguration;
			buildSettings = {
				ASSETCATALOG_COMPILER_APPICON_NAME = AppIcon;
				ASSETCATALOG_COMPILER_GLOBAL_ACCENT_COLOR_NAME = AccentColor;
				CODE_SIGN_STYLE = Automatic;
				DEVELOPMENT_ASSET_PATHS = "\"EuropeCapitals/Preview Content\"";
				ENABLE_PREVIEWS = YES;
				INFOPLIST_FILE = EuropeCapitals/Info.plist;
				LD_RUNPATH_SEARCH_PATHS = (
					"$(inherited)",
					"@executable_path/Frameworks",
				);
				PRODUCT_BUNDLE_IDENTIFIER = com.radekhalski.EuropeCapitals;
				PRODUCT_NAME = "$(TARGET_NAME)";
				SWIFT_VERSION = 5.0;
				TARGETED_DEVICE_FAMILY = "1,2";
			};
			name = Release;
		};
		BFBE37A92590FF97004C9FB3 /* Debug */ = {
			isa = XCBuildConfiguration;
			buildSettings = {
				ALWAYS_EMBED_SWIFT_STANDARD_LIBRARIES = YES;
				BUNDLE_LOADER = "$(TEST_HOST)";
				CODE_SIGN_STYLE = Automatic;
				INFOPLIST_FILE = EuropeCapitalsTests/Info.plist;
				IPHONEOS_DEPLOYMENT_TARGET = 14.2;
				LD_RUNPATH_SEARCH_PATHS = (
					"$(inherited)",
					"@executable_path/Frameworks",
					"@loader_path/Frameworks",
				);
				PRODUCT_BUNDLE_IDENTIFIER = com.radekhalski.EuropeCapitalsTests;
				PRODUCT_NAME = "$(TARGET_NAME)";
				SWIFT_VERSION = 5.0;
				TARGETED_DEVICE_FAMILY = "1,2";
				TEST_HOST = "$(BUILT_PRODUCTS_DIR)/EuropeCapitals.app/EuropeCapitals";
			};
			name = Debug;
		};
		BFBE37AA2590FF97004C9FB3 /* Release */ = {
			isa = XCBuildConfiguration;
			buildSettings = {
				ALWAYS_EMBED_SWIFT_STANDARD_LIBRARIES = YES;
				BUNDLE_LOADER = "$(TEST_HOST)";
				CODE_SIGN_STYLE = Automatic;
				INFOPLIST_FILE = EuropeCapitalsTests/Info.plist;
				IPHONEOS_DEPLOYMENT_TARGET = 14.2;
				LD_RUNPATH_SEARCH_PATHS = (
					"$(inherited)",
					"@executable_path/Frameworks",
					"@loader_path/Frameworks",
				);
				PRODUCT_BUNDLE_IDENTIFIER = com.radekhalski.EuropeCapitalsTests;
				PRODUCT_NAME = "$(TARGET_NAME)";
				SWIFT_VERSION = 5.0;
				TARGETED_DEVICE_FAMILY = "1,2";
				TEST_HOST = "$(BUILT_PRODUCTS_DIR)/EuropeCapitals.app/EuropeCapitals";
			};
			name = Release;
		};
		BFBE37AC2590FF97004C9FB3 /* Debug */ = {
			isa = XCBuildConfiguration;
			buildSettings = {
				ALWAYS_EMBED_SWIFT_STANDARD_LIBRARIES = YES;
				CODE_SIGN_STYLE = Automatic;
				INFOPLIST_FILE = EuropeCapitalsUITests/Info.plist;
				LD_RUNPATH_SEARCH_PATHS = (
					"$(inherited)",
					"@executable_path/Frameworks",
					"@loader_path/Frameworks",
				);
				PRODUCT_BUNDLE_IDENTIFIER = com.radekhalski.EuropeCapitalsUITests;
				PRODUCT_NAME = "$(TARGET_NAME)";
				SWIFT_VERSION = 5.0;
				TARGETED_DEVICE_FAMILY = "1,2";
				TEST_TARGET_NAME = EuropeCapitals;
			};
			name = Debug;
		};
		BFBE37AD2590FF97004C9FB3 /* Release */ = {
			isa = XCBuildConfiguration;
			buildSettings = {
				ALWAYS_EMBED_SWIFT_STANDARD_LIBRARIES = YES;
				CODE_SIGN_STYLE = Automatic;
				INFOPLIST_FILE = EuropeCapitalsUITests/Info.plist;
				LD_RUNPATH_SEARCH_PATHS = (
					"$(inherited)",
					"@executable_path/Frameworks",
					"@loader_path/Frameworks",
				);
				PRODUCT_BUNDLE_IDENTIFIER = com.radekhalski.EuropeCapitalsUITests;
				PRODUCT_NAME = "$(TARGET_NAME)";
				SWIFT_VERSION = 5.0;
				TARGETED_DEVICE_FAMILY = "1,2";
				TEST_TARGET_NAME = EuropeCapitals;
			};
			name = Release;
		};
/* End XCBuildConfiguration section */

/* Begin XCConfigurationList section */
		BFBE37762590FF96004C9FB3 /* Build configuration list for PBXProject "EuropeCapitals" */ = {
			isa = XCConfigurationList;
			buildConfigurations = (
				BFBE37A32590FF97004C9FB3 /* Debug */,
				BFBE37A42590FF97004C9FB3 /* Release */,
			);
			defaultConfigurationIsVisible = 0;
			defaultConfigurationName = Release;
		};
		BFBE37A52590FF97004C9FB3 /* Build configuration list for PBXNativeTarget "EuropeCapitals" */ = {
			isa = XCConfigurationList;
			buildConfigurations = (
				BFBE37A62590FF97004C9FB3 /* Debug */,
				BFBE37A72590FF97004C9FB3 /* Release */,
			);
			defaultConfigurationIsVisible = 0;
			defaultConfigurationName = Release;
		};
		BFBE37A82590FF97004C9FB3 /* Build configuration list for PBXNativeTarget "EuropeCapitalsTests" */ = {
			isa = XCConfigurationList;
			buildConfigurations = (
				BFBE37A92590FF97004C9FB3 /* Debug */,
				BFBE37AA2590FF97004C9FB3 /* Release */,
			);
			defaultConfigurationIsVisible = 0;
			defaultConfigurationName = Release;
		};
		BFBE37AB2590FF97004C9FB3 /* Build configuration list for PBXNativeTarget "EuropeCapitalsUITests" */ = {
			isa = XCConfigurationList;
			buildConfigurations = (
				BFBE37AC2590FF97004C9FB3 /* Debug */,
				BFBE37AD2590FF97004C9FB3 /* Release */,
			);
			defaultConfigurationIsVisible = 0;
			defaultConfigurationName = Release;
		};
/* End XCConfigurationList section */
	};
	rootObject = BFBE37732590FF96004C9FB3 /* Project object */;
}
